
Microsoft Visual Studio Solution File, Format Version 12.00
# Visual Studio Version 17
VisualStudioVersion = 17.1.32421.90
MinimumVisualStudioVersion = 10.0.40219.1
Project("{FAE04EC0-301F-11D3-BF4B-00C04F79EFBC}") = "HomeWorks", "HomeWorks\HomeWorks.csproj", "{699A3677-C181-4DBE-9C1D-6B8237F8DE39}"
EndProject
Global
	GlobalSection(SolutionConfigurationPlatforms) = preSolution
		Debug|Any CPU = Debug|Any CPU
		Release|Any CPU = Release|Any CPU
	EndGlobalSection
	GlobalSection(ProjectConfigurationPlatforms) = postSolution
		{699A3677-C181-4DBE-9C1D-6B8237F8DE39}.Debug|Any CPU.ActiveCfg = Debug|Any CPU
		{699A3677-C181-4DBE-9C1D-6B8237F8DE39}.Debug|Any CPU.Build.0 = Debug|Any CPU
		{699A3677-C181-4DBE-9C1D-6B8237F8DE39}.Release|Any CPU.ActiveCfg = Release|Any CPU
		{699A3677-C181-4DBE-9C1D-6B8237F8DE39}.Release|Any CPU.Build.0 = Release|Any CPU
	EndGlobalSection
	GlobalSection(SolutionProperties) = preSolution
		HideSolutionNode = FALSE
	EndGlobalSection
	GlobalSection(ExtensibilityGlobals) = postSolution
		SolutionGuid = {D35950CF-3FBA-48B2-8A8D-119803E67A5E}
	EndGlobalSection
EndGlobal
